
Microsoft Visual Studio Solution File, Format Version 12.00
# Visual Studio 14
VisualStudioVersion = 14.0.25420.1
MinimumVisualStudioVersion = 10.0.40219.1
Project("{FAE04EC0-301F-11D3-BF4B-00C04F79EFBC}") = "LemonWay.WebService", "LemonWay\LemonWay.WebService.csproj", "{A6C6B8EC-168A-48C0-9ABC-FF9CE466D7C2}"
EndProject
Project("{FAE04EC0-301F-11D3-BF4B-00C04F79EFBC}") = "UnitTestProject1", "UnitTestProject1\UnitTestProject1.csproj", "{A5AE7F76-DED8-4E92-A6D7-EF1B451C1A31}"
EndProject
Project("{FAE04EC0-301F-11D3-BF4B-00C04F79EFBC}") = "LemonWay.CoreLib", "LemonWay.CoreLib\LemonWay.CoreLib.csproj", "{510C5629-EECF-4C14-8BEC-FFE67D156050}"
EndProject
Global
	GlobalSection(SolutionConfigurationPlatforms) = preSolution
		Debug|Any CPU = Debug|Any CPU
		Release|Any CPU = Release|Any CPU
	EndGlobalSection
	GlobalSection(ProjectConfigurationPlatforms) = postSolution
		{A6C6B8EC-168A-48C0-9ABC-FF9CE466D7C2}.Debug|Any CPU.ActiveCfg = Debug|Any CPU
		{A6C6B8EC-168A-48C0-9ABC-FF9CE466D7C2}.Debug|Any CPU.Build.0 = Debug|Any CPU
		{A6C6B8EC-168A-48C0-9ABC-FF9CE466D7C2}.Release|Any CPU.ActiveCfg = Release|Any CPU
		{A6C6B8EC-168A-48C0-9ABC-FF9CE466D7C2}.Release|Any CPU.Build.0 = Release|Any CPU
		{A5AE7F76-DED8-4E92-A6D7-EF1B451C1A31}.Debug|Any CPU.ActiveCfg = Debug|Any CPU
		{A5AE7F76-DED8-4E92-A6D7-EF1B451C1A31}.Debug|Any CPU.Build.0 = Debug|Any CPU
		{A5AE7F76-DED8-4E92-A6D7-EF1B451C1A31}.Release|Any CPU.ActiveCfg = Release|Any CPU
		{A5AE7F76-DED8-4E92-A6D7-EF1B451C1A31}.Release|Any CPU.Build.0 = Release|Any CPU
		{510C5629-EECF-4C14-8BEC-FFE67D156050}.Debug|Any CPU.ActiveCfg = Debug|Any CPU
		{510C5629-EECF-4C14-8BEC-FFE67D156050}.Debug|Any CPU.Build.0 = Debug|Any CPU
		{510C5629-EECF-4C14-8BEC-FFE67D156050}.Release|Any CPU.ActiveCfg = Release|Any CPU
		{510C5629-EECF-4C14-8BEC-FFE67D156050}.Release|Any CPU.Build.0 = Release|Any CPU
	EndGlobalSection
	GlobalSection(SolutionProperties) = preSolution
		HideSolutionNode = FALSE
	EndGlobalSection
EndGlobal
